
Microsoft Visual Studio Solution File, Format Version 12.00
# Visual Studio Version 17
VisualStudioVersion = 17.8.34330.188
MinimumVisualStudioVersion = 10.0.40219.1
Project("{FAE04EC0-301F-11D3-BF4B-00C04F79EFBC}") = "QuanNet4_0", "QuanNet4_0\QuanNet4_0.csproj", "{6062F2D7-ACC1-4EF3-B29E-72CC33A559AF}"
EndProject
Global
	GlobalSection(SolutionConfigurationPlatforms) = preSolution
		Debug|Any CPU = Debug|Any CPU
		Release|Any CPU = Release|Any CPU
	EndGlobalSection
	GlobalSection(ProjectConfigurationPlatforms) = postSolution
		{6062F2D7-ACC1-4EF3-B29E-72CC33A559AF}.Debug|Any CPU.ActiveCfg = Debug|Any CPU
		{6062F2D7-ACC1-4EF3-B29E-72CC33A559AF}.Debug|Any CPU.Build.0 = Debug|Any CPU
		{6062F2D7-ACC1-4EF3-B29E-72CC33A559AF}.Release|Any CPU.ActiveCfg = Release|Any CPU
		{6062F2D7-ACC1-4EF3-B29E-72CC33A559AF}.Release|Any CPU.Build.0 = Release|Any CPU
	EndGlobalSection
	GlobalSection(SolutionProperties) = preSolution
		HideSolutionNode = FALSE
	EndGlobalSection
	GlobalSection(ExtensibilityGlobals) = postSolution
		SolutionGuid = {778335BB-E75E-4A39-9F3E-CC09FD446428}
	EndGlobalSection
EndGlobal
