
Microsoft Visual Studio Solution File, Format Version 12.00
# Visual Studio Version 17
VisualStudioVersion = 17.8.34330.188
MinimumVisualStudioVersion = 10.0.40219.1
Project("{9A19103F-16F7-4668-BE54-9A1E7A4F7556}") = "QuanNet4_0", "QuanNet4_0\QuanNet4_0.csproj", "{6062F2D7-ACC1-4EF3-B29E-72CC33A559AF}"
EndProject
Project("{2150E333-8FDC-42A3-9474-1A3956D46DE8}") = "Solution Items", "Solution Items", "{3E69817B-E07E-46B3-A19B-BA9F4E419626}"
EndProject
Global
	GlobalSection(SolutionConfigurationPlatforms) = preSolution
		Debug|Any CPU = Debug|Any CPU
		Release|Any CPU = Release|Any CPU
	EndGlobalSection
	GlobalSection(ProjectConfigurationPlatforms) = postSolution
		{6062F2D7-ACC1-4EF3-B29E-72CC33A559AF}.Debug|Any CPU.ActiveCfg = Debug|Any CPU
		{6062F2D7-ACC1-4EF3-B29E-72CC33A559AF}.Debug|Any CPU.Build.0 = Debug|Any CPU
		{6062F2D7-ACC1-4EF3-B29E-72CC33A559AF}.Release|Any CPU.ActiveCfg = Release|Any CPU
		{6062F2D7-ACC1-4EF3-B29E-72CC33A559AF}.Release|Any CPU.Build.0 = Release|Any CPU
	EndGlobalSection
	GlobalSection(SolutionProperties) = preSolution
		HideSolutionNode = FALSE
	EndGlobalSection
	GlobalSection(ExtensibilityGlobals) = postSolution
		SolutionGuid = {778335BB-E75E-4A39-9F3E-CC09FD446428}
	EndGlobalSection
EndGlobal
